
Microsoft Visual Studio Solution File, Format Version 12.00
# Visual Studio Version 16
VisualStudioVersion = 16.0.30804.86
MinimumVisualStudioVersion = 10.0.40219.1
Project("{FAE04EC0-301F-11D3-BF4B-00C04F79EFBC}") = "HW1-1", "HW1\HW1-1.csproj", "{A5F9995A-2C6D-47D2-A35D-007C3984F7C1}"
EndProject
Project("{FAE04EC0-301F-11D3-BF4B-00C04F79EFBC}") = "HW1-2", "HW1-2\HW1-2.csproj", "{93C31650-DA45-4C23-8A60-D8FB5234689E}"
EndProject
Project("{FAE04EC0-301F-11D3-BF4B-00C04F79EFBC}") = "HW1-3", "HW1-3\HW1-3.csproj", "{6AC91509-BF8A-4889-8C7D-5E9D321FAD7E}"
EndProject
Global
	GlobalSection(SolutionConfigurationPlatforms) = preSolution
		Debug|Any CPU = Debug|Any CPU
		Release|Any CPU = Release|Any CPU
	EndGlobalSection
	GlobalSection(ProjectConfigurationPlatforms) = postSolution
		{A5F9995A-2C6D-47D2-A35D-007C3984F7C1}.Debug|Any CPU.ActiveCfg = Debug|Any CPU
		{A5F9995A-2C6D-47D2-A35D-007C3984F7C1}.Debug|Any CPU.Build.0 = Debug|Any CPU
		{A5F9995A-2C6D-47D2-A35D-007C3984F7C1}.Release|Any CPU.ActiveCfg = Release|Any CPU
		{A5F9995A-2C6D-47D2-A35D-007C3984F7C1}.Release|Any CPU.Build.0 = Release|Any CPU
		{93C31650-DA45-4C23-8A60-D8FB5234689E}.Debug|Any CPU.ActiveCfg = Debug|Any CPU
		{93C31650-DA45-4C23-8A60-D8FB5234689E}.Debug|Any CPU.Build.0 = Debug|Any CPU
		{93C31650-DA45-4C23-8A60-D8FB5234689E}.Release|Any CPU.ActiveCfg = Release|Any CPU
		{93C31650-DA45-4C23-8A60-D8FB5234689E}.Release|Any CPU.Build.0 = Release|Any CPU
		{6AC91509-BF8A-4889-8C7D-5E9D321FAD7E}.Debug|Any CPU.ActiveCfg = Debug|Any CPU
		{6AC91509-BF8A-4889-8C7D-5E9D321FAD7E}.Debug|Any CPU.Build.0 = Debug|Any CPU
		{6AC91509-BF8A-4889-8C7D-5E9D321FAD7E}.Release|Any CPU.ActiveCfg = Release|Any CPU
		{6AC91509-BF8A-4889-8C7D-5E9D321FAD7E}.Release|Any CPU.Build.0 = Release|Any CPU
	EndGlobalSection
	GlobalSection(SolutionProperties) = preSolution
		HideSolutionNode = FALSE
	EndGlobalSection
	GlobalSection(ExtensibilityGlobals) = postSolution
		SolutionGuid = {E8BBD5D1-8B10-4FDF-8764-F889ABE1CCBA}
	EndGlobalSection
EndGlobal
